{
  "name": "google-tasks-api-ts-example",
  "version": "1.0.0",
  "lockfileVersion": 1,
  "requires": true,
  "dependencies": {
    "@types/gapi": {
      "version": "0.0.39",
      "resolved": "https://registry.npmjs.org/@types/gapi/-/gapi-0.0.39.tgz",
      "integrity": "sha512-R1TZeZbvvbIC60DBJMhuOEivQHzOQtzl3uMDOOENTYQTSSDB6oEMpJo8HVPOTWivdUTbyEcB5qQOVr/JCKRlCQ=="
    },
    "@types/gapi.auth2": {
      "version": "0.0.51",
      "resolved": "https://registry.npmjs.org/@types/gapi.auth2/-/gapi.auth2-0.0.51.tgz",
      "integrity": "sha512-j66GKDjxM01HLBpwFlii0E3Bsn7+dn1qabgosGSWhuM0/waHZ8ooT/T3M5U9mdx6BQ4sk+gzW1HDux00yZVWRw==",
      "requires": {
        "@types/gapi": "*"
      }
    },
    "@types/gapi.client": {
      "version": "1.0.1",
      "resolved": "https://registry.npmjs.org/@types/gapi.client/-/gapi.client-1.0.1.tgz",
      "integrity": "sha512-/SjoU65jvBZlDQtw12OB9YCrqKQrrAdG4YpVTH4AJaJDCOkFdGXcDA2IFTm3d2UCeQwmqM/o6tNlyjKINO6MNg=="
    },
    "@types/gapi.client.tasks": {
      "version": "1.0.1",
      "resolved": "https://registry.npmjs.org/@types/gapi.client.tasks/-/gapi.client.tasks-1.0.1.tgz",
      "integrity": "sha512-Bb6qgPELhlyzxoQg2/nBllpmoyN6QJGuqmhPe502ZWeWIjBVQzJNxIDml9EtKTiGawLKKGcGrpY13m8saInCmA==",
      "requires": {
        "@types/gapi.client": "*"
      }
    },
    "typescript": {
      "version": "3.7.4",
      "resolved": "https://registry.npmjs.org/typescript/-/typescript-3.7.4.tgz",
      "integrity": "sha512-A25xv5XCtarLwXpcDNZzCGvW2D1S3/bACratYBx2sax8PefsFhlYmkQicKHvpYflFS8if4zne5zT5kpJ7pzuvw=="
    }
  }
}
